# This file is automatically @generated by Wally.
# It is not intended for manual editing.
registry = "test"

[[package]]
name = "brittonfischer/camerashaker"
version = "0.1.0"
dependencies = []

[[package]]
name = "dylan/pogogame"
version = "0.1.0"
dependencies = [["CameraShaker", "brittonfischer/camerashaker@0.1.0"], ["Janitor", "howmanysmall/janitor@1.15.6"], ["Net", "sleitnick/net@0.1.0"], ["ProfileService", "surnautica/profileservice@1.0.0"], ["Promise", "evaera/promise@4.0.0"], ["Signal", "sleitnick/signal@1.5.0"], ["SimplePath", "untakeranonplay/simplepath@0.1.1"]]

[[package]]
name = "evaera/promise"
version = "4.0.0"
dependencies = []

[[package]]
name = "howmanysmall/janitor"
version = "1.15.6"
dependencies = [["Promise", "evaera/promise@4.0.0"]]

[[package]]
name = "sleitnick/net"
version = "0.1.0"
dependencies = []

[[package]]
name = "sleitnick/signal"
version = "1.5.0"
dependencies = []

[[package]]
name = "surnautica/profileservice"
version = "1.0.0"
dependencies = []

[[package]]
name = "untakeranonplay/simplepath"
version = "0.1.1"
dependencies = []
